// !$*UTF8*$!
{
	archiveVersion = 1;
	classes = {
	};
	objectVersion = 51;
	objects = {

/* Begin PBXBuildFile section */
		3217DE1E22DEC75B0079E715 /* RadiusType.swift in Sources */ = {isa = PBXBuildFile; fileRef = 3217DE1D22DEC75B0079E715 /* RadiusType.swift */; };
		3217DE2D22DECA480079E715 /* OnceUponVC.swift in Sources */ = {isa = PBXBuildFile; fileRef = 3217DE2B22DECA480079E715 /* OnceUponVC.swift */; };
		3217DE2E22DECA480079E715 /* OnceUponVC.xib in Resources */ = {isa = PBXBuildFile; fileRef = 3217DE2C22DECA480079E715 /* OnceUponVC.xib */; };
		3217DE3022DECF420079E715 /* Background.xcassets in Resources */ = {isa = PBXBuildFile; fileRef = 3217DE2F22DECF420079E715 /* Background.xcassets */; };
		3217DE3222DED03E0079E715 /* Sticker.xcassets in Resources */ = {isa = PBXBuildFile; fileRef = 3217DE3122DED03E0079E715 /* Sticker.xcassets */; };
		3217DE3422DED0690079E715 /* Badge.xcassets in Resources */ = {isa = PBXBuildFile; fileRef = 3217DE3322DED0690079E715 /* Badge.xcassets */; };
		3217DE3622DED0EF0079E715 /* Character.xcassets in Resources */ = {isa = PBXBuildFile; fileRef = 3217DE3522DED0EF0079E715 /* Character.xcassets */; };
		3217DE3922DED95C0079E715 /* BackgroundVC.swift in Sources */ = {isa = PBXBuildFile; fileRef = 3217DE3722DED95C0079E715 /* BackgroundVC.swift */; };
		3217DE3A22DED95C0079E715 /* BackgroundVC.xib in Resources */ = {isa = PBXBuildFile; fileRef = 3217DE3822DED95C0079E715 /* BackgroundVC.xib */; };
		3217DE3E22DEDCCE0079E715 /* BackgroundCell.swift in Sources */ = {isa = PBXBuildFile; fileRef = 3217DE3C22DEDCCE0079E715 /* BackgroundCell.swift */; };
		3217DE3F22DEDCCE0079E715 /* BackgroundCell.xib in Resources */ = {isa = PBXBuildFile; fileRef = 3217DE3D22DEDCCE0079E715 /* BackgroundCell.xib */; };
		3217DE4122DEDE860079E715 /* Background.swift in Sources */ = {isa = PBXBuildFile; fileRef = 3217DE4022DEDE860079E715 /* Background.swift */; };
		3217DE4322DEE0B10079E715 /* UIViewController+Extension.swift in Sources */ = {isa = PBXBuildFile; fileRef = 3217DE4222DEE0B10079E715 /* UIViewController+Extension.swift */; };
		3217DE4622DEF0730079E715 /* RoleVC.swift in Sources */ = {isa = PBXBuildFile; fileRef = 3217DE4422DEF0730079E715 /* RoleVC.swift */; };
		3217DE4722DEF0730079E715 /* RoleVC.xib in Resources */ = {isa = PBXBuildFile; fileRef = 3217DE4522DEF0730079E715 /* RoleVC.xib */; };
		3217DE4B22DEF1880079E715 /* RoleCell.swift in Sources */ = {isa = PBXBuildFile; fileRef = 3217DE4922DEF1880079E715 /* RoleCell.swift */; };
		3217DE4C22DEF1880079E715 /* RoleCell.xib in Resources */ = {isa = PBXBuildFile; fileRef = 3217DE4A22DEF1880079E715 /* RoleCell.xib */; };
		3217DE4F22DEFE390079E715 /* PreviewVC.swift in Sources */ = {isa = PBXBuildFile; fileRef = 3217DE4D22DEFE390079E715 /* PreviewVC.swift */; };
		3217DE5022DEFE390079E715 /* PreviewVC.xib in Resources */ = {isa = PBXBuildFile; fileRef = 3217DE4E22DEFE390079E715 /* PreviewVC.xib */; };
		3217DE5222DF2C3A0079E715 /* Role.swift in Sources */ = {isa = PBXBuildFile; fileRef = 3217DE5122DF2C3A0079E715 /* Role.swift */; };
		3217DE5422DF2D890079E715 /* Character.xcassets in Resources */ = {isa = PBXBuildFile; fileRef = 3217DE5322DF2D890079E715 /* Character.xcassets */; };
		3217DE5722DF2F5F0079E715 /* StickerVC.swift in Sources */ = {isa = PBXBuildFile; fileRef = 3217DE5522DF2F5F0079E715 /* StickerVC.swift */; };
		3217DE5822DF2F5F0079E715 /* StickerVC.xib in Resources */ = {isa = PBXBuildFile; fileRef = 3217DE5622DF2F5F0079E715 /* StickerVC.xib */; };
		3217DE5D22DF301F0079E715 /* Sticker.swift in Sources */ = {isa = PBXBuildFile; fileRef = 3217DE5C22DF301F0079E715 /* Sticker.swift */; };
		3217DE6222E00E040079E715 /* StickerCell.swift in Sources */ = {isa = PBXBuildFile; fileRef = 3217DE6022E00E040079E715 /* StickerCell.swift */; };
		3217DE6322E00E040079E715 /* StickerCell.xib in Resources */ = {isa = PBXBuildFile; fileRef = 3217DE6122E00E040079E715 /* StickerCell.xib */; };
		3227F26922DD773D00BCC591 /* UIView+Extension.swift in Sources */ = {isa = PBXBuildFile; fileRef = 3227F26822DD773D00BCC591 /* UIView+Extension.swift */; };
		3227F26E22DD77CF00BCC591 /* LibraryVC.swift in Sources */ = {isa = PBXBuildFile; fileRef = 3227F26C22DD77CF00BCC591 /* LibraryVC.swift */; };
		3227F26F22DD77CF00BCC591 /* LibraryVC.xib in Resources */ = {isa = PBXBuildFile; fileRef = 3227F26D22DD77CF00BCC591 /* LibraryVC.xib */; };
		3227F27122DD7C8C00BCC591 /* BaseVC.swift in Sources */ = {isa = PBXBuildFile; fileRef = 3227F27022DD7C8C00BCC591 /* BaseVC.swift */; };
		3227F27522DD7DDC00BCC591 /* Preference.swift in Sources */ = {isa = PBXBuildFile; fileRef = 3227F27422DD7DDC00BCC591 /* Preference.swift */; };
		3227F27822DD7DEE00BCC591 /* PreferenceKey.swift in Sources */ = {isa = PBXBuildFile; fileRef = 3227F27722DD7DEE00BCC591 /* PreferenceKey.swift */; };
		3227F27A22DD7E9200BCC591 /* CreatoryNC.swift in Sources */ = {isa = PBXBuildFile; fileRef = 3227F27922DD7E9200BCC591 /* CreatoryNC.swift */; };
		3227F27E22DD89AF00BCC591 /* LibraryCell.swift in Sources */ = {isa = PBXBuildFile; fileRef = 3227F27C22DD89AF00BCC591 /* LibraryCell.swift */; };
		3227F27F22DD89AF00BCC591 /* LibraryCell.xib in Resources */ = {isa = PBXBuildFile; fileRef = 3227F27D22DD89AF00BCC591 /* LibraryCell.xib */; };
		3227F28122DD8B6600BCC591 /* UIImageView+Extension.swift in Sources */ = {isa = PBXBuildFile; fileRef = 3227F28022DD8B6600BCC591 /* UIImageView+Extension.swift */; };
		32C1302722DD754E0025C69A /* AppDelegate.swift in Sources */ = {isa = PBXBuildFile; fileRef = 32C1302622DD754E0025C69A /* AppDelegate.swift */; };
		32C1302922DD754E0025C69A /* NewStoryVC.swift in Sources */ = {isa = PBXBuildFile; fileRef = 32C1302822DD754E0025C69A /* NewStoryVC.swift */; };
		32C1302C22DD754E0025C69A /* Main.storyboard in Resources */ = {isa = PBXBuildFile; fileRef = 32C1302A22DD754E0025C69A /* Main.storyboard */; };
		32C1302F22DD754E0025C69A /* Creatory.xcdatamodeld in Sources */ = {isa = PBXBuildFile; fileRef = 32C1302D22DD754E0025C69A /* Creatory.xcdatamodeld */; };
		32C1303122DD754E0025C69A /* Assets.xcassets in Resources */ = {isa = PBXBuildFile; fileRef = 32C1303022DD754E0025C69A /* Assets.xcassets */; };
		32C1303422DD754E0025C69A /* LaunchScreen.storyboard in Resources */ = {isa = PBXBuildFile; fileRef = 32C1303222DD754E0025C69A /* LaunchScreen.storyboard */; };
		4E1982DE22DF250E00DF211F /* Button.xcassets in Resources */ = {isa = PBXBuildFile; fileRef = 4E1982DD22DF250E00DF211F /* Button.xcassets */; };
		4E1982E022DF38BF00DF211F /* button white.xcassets in Resources */ = {isa = PBXBuildFile; fileRef = 4E1982DF22DF38BF00DF211F /* button white.xcassets */; };
		4E4F5CFD22E01CD90098C6A6 /* ButtonCustom.swift in Sources */ = {isa = PBXBuildFile; fileRef = 4E4F5CFC22E01CD90098C6A6 /* ButtonCustom.swift */; };
		4E4F5D0122E055700098C6A6 /* StickerView.swift in Sources */ = {isa = PBXBuildFile; fileRef = 4E4F5D0022E055700098C6A6 /* StickerView.swift */; };
		A78E515CA91269A24E9B9D62 /* Pods_Creatory.framework in Frameworks */ = {isa = PBXBuildFile; fileRef = 3D6085C5D2D7DB028F57B2C8 /* Pods_Creatory.framework */; };
/* End PBXBuildFile section */

/* Begin PBXFileReference section */
		3217DE1D22DEC75B0079E715 /* RadiusType.swift */ = {isa = PBXFileReference; lastKnownFileType = sourcecode.swift; path = RadiusType.swift; sourceTree = "<group>"; };
		3217DE2B22DECA480079E715 /* OnceUponVC.swift */ = {isa = PBXFileReference; lastKnownFileType = sourcecode.swift; path = OnceUponVC.swift; sourceTree = "<group>"; };
		3217DE2C22DECA480079E715 /* OnceUponVC.xib */ = {isa = PBXFileReference; lastKnownFileType = file.xib; path = OnceUponVC.xib; sourceTree = "<group>"; };
		3217DE2F22DECF420079E715 /* Background.xcassets */ = {isa = PBXFileReference; lastKnownFileType = folder.assetcatalog; path = Background.xcassets; sourceTree = "<group>"; };
		3217DE3122DED03E0079E715 /* Sticker.xcassets */ = {isa = PBXFileReference; lastKnownFileType = folder.assetcatalog; path = Sticker.xcassets; sourceTree = "<group>"; };
		3217DE3322DED0690079E715 /* Badge.xcassets */ = {isa = PBXFileReference; lastKnownFileType = folder.assetcatalog; path = Badge.xcassets; sourceTree = "<group>"; };
		3217DE3522DED0EF0079E715 /* Character.xcassets */ = {isa = PBXFileReference; lastKnownFileType = folder.assetcatalog; path = Character.xcassets; sourceTree = "<group>"; };
		3217DE3722DED95C0079E715 /* BackgroundVC.swift */ = {isa = PBXFileReference; lastKnownFileType = sourcecode.swift; path = BackgroundVC.swift; sourceTree = "<group>"; };
		3217DE3822DED95C0079E715 /* BackgroundVC.xib */ = {isa = PBXFileReference; lastKnownFileType = file.xib; path = BackgroundVC.xib; sourceTree = "<group>"; };
		3217DE3C22DEDCCE0079E715 /* BackgroundCell.swift */ = {isa = PBXFileReference; lastKnownFileType = sourcecode.swift; path = BackgroundCell.swift; sourceTree = "<group>"; };
		3217DE3D22DEDCCE0079E715 /* BackgroundCell.xib */ = {isa = PBXFileReference; lastKnownFileType = file.xib; path = BackgroundCell.xib; sourceTree = "<group>"; };
		3217DE4022DEDE860079E715 /* Background.swift */ = {isa = PBXFileReference; lastKnownFileType = sourcecode.swift; path = Background.swift; sourceTree = "<group>"; };
		3217DE4222DEE0B10079E715 /* UIViewController+Extension.swift */ = {isa = PBXFileReference; lastKnownFileType = sourcecode.swift; path = "UIViewController+Extension.swift"; sourceTree = "<group>"; };
		3217DE4422DEF0730079E715 /* RoleVC.swift */ = {isa = PBXFileReference; lastKnownFileType = sourcecode.swift; path = RoleVC.swift; sourceTree = "<group>"; };
		3217DE4522DEF0730079E715 /* RoleVC.xib */ = {isa = PBXFileReference; lastKnownFileType = file.xib; path = RoleVC.xib; sourceTree = "<group>"; };
		3217DE4922DEF1880079E715 /* RoleCell.swift */ = {isa = PBXFileReference; lastKnownFileType = sourcecode.swift; path = RoleCell.swift; sourceTree = "<group>"; };
		3217DE4A22DEF1880079E715 /* RoleCell.xib */ = {isa = PBXFileReference; lastKnownFileType = file.xib; path = RoleCell.xib; sourceTree = "<group>"; };
		3217DE4D22DEFE390079E715 /* PreviewVC.swift */ = {isa = PBXFileReference; lastKnownFileType = sourcecode.swift; path = PreviewVC.swift; sourceTree = "<group>"; };
		3217DE4E22DEFE390079E715 /* PreviewVC.xib */ = {isa = PBXFileReference; lastKnownFileType = file.xib; path = PreviewVC.xib; sourceTree = "<group>"; };
		3217DE5122DF2C3A0079E715 /* Role.swift */ = {isa = PBXFileReference; lastKnownFileType = sourcecode.swift; path = Role.swift; sourceTree = "<group>"; };
		3217DE5322DF2D890079E715 /* Character.xcassets */ = {isa = PBXFileReference; lastKnownFileType = folder.assetcatalog; path = Character.xcassets; sourceTree = "<group>"; };
		3217DE5522DF2F5F0079E715 /* StickerVC.swift */ = {isa = PBXFileReference; lastKnownFileType = sourcecode.swift; path = StickerVC.swift; sourceTree = "<group>"; };
		3217DE5622DF2F5F0079E715 /* StickerVC.xib */ = {isa = PBXFileReference; lastKnownFileType = file.xib; path = StickerVC.xib; sourceTree = "<group>"; };
		3217DE5C22DF301F0079E715 /* Sticker.swift */ = {isa = PBXFileReference; lastKnownFileType = sourcecode.swift; path = Sticker.swift; sourceTree = "<group>"; };
		3217DE5E22DF36180079E715 /* Testing.playground */ = {isa = PBXFileReference; lastKnownFileType = file.playground; path = Testing.playground; sourceTree = "<group>"; xcLanguageSpecificationIdentifier = xcode.lang.swift; };
		3217DE6022E00E040079E715 /* StickerCell.swift */ = {isa = PBXFileReference; lastKnownFileType = sourcecode.swift; path = StickerCell.swift; sourceTree = "<group>"; };
		3217DE6122E00E040079E715 /* StickerCell.xib */ = {isa = PBXFileReference; lastKnownFileType = file.xib; path = StickerCell.xib; sourceTree = "<group>"; };
		3227F26822DD773D00BCC591 /* UIView+Extension.swift */ = {isa = PBXFileReference; lastKnownFileType = sourcecode.swift; path = "UIView+Extension.swift"; sourceTree = "<group>"; };
		3227F26C22DD77CF00BCC591 /* LibraryVC.swift */ = {isa = PBXFileReference; lastKnownFileType = sourcecode.swift; path = LibraryVC.swift; sourceTree = "<group>"; };
		3227F26D22DD77CF00BCC591 /* LibraryVC.xib */ = {isa = PBXFileReference; lastKnownFileType = file.xib; path = LibraryVC.xib; sourceTree = "<group>"; };
		3227F27022DD7C8C00BCC591 /* BaseVC.swift */ = {isa = PBXFileReference; lastKnownFileType = sourcecode.swift; path = BaseVC.swift; sourceTree = "<group>"; };
		3227F27422DD7DDC00BCC591 /* Preference.swift */ = {isa = PBXFileReference; lastKnownFileType = sourcecode.swift; path = Preference.swift; sourceTree = "<group>"; };
		3227F27722DD7DEE00BCC591 /* PreferenceKey.swift */ = {isa = PBXFileReference; lastKnownFileType = sourcecode.swift; path = PreferenceKey.swift; sourceTree = "<group>"; };
		3227F27922DD7E9200BCC591 /* CreatoryNC.swift */ = {isa = PBXFileReference; lastKnownFileType = sourcecode.swift; path = CreatoryNC.swift; sourceTree = "<group>"; };
		3227F27C22DD89AF00BCC591 /* LibraryCell.swift */ = {isa = PBXFileReference; lastKnownFileType = sourcecode.swift; path = LibraryCell.swift; sourceTree = "<group>"; };
		3227F27D22DD89AF00BCC591 /* LibraryCell.xib */ = {isa = PBXFileReference; lastKnownFileType = file.xib; path = LibraryCell.xib; sourceTree = "<group>"; };
		3227F28022DD8B6600BCC591 /* UIImageView+Extension.swift */ = {isa = PBXFileReference; lastKnownFileType = sourcecode.swift; path = "UIImageView+Extension.swift"; sourceTree = "<group>"; };
		32C1302322DD754E0025C69A /* Creatory.app */ = {isa = PBXFileReference; explicitFileType = wrapper.application; includeInIndex = 0; path = Creatory.app; sourceTree = BUILT_PRODUCTS_DIR; };
		32C1302622DD754E0025C69A /* AppDelegate.swift */ = {isa = PBXFileReference; lastKnownFileType = sourcecode.swift; path = AppDelegate.swift; sourceTree = "<group>"; };
		32C1302822DD754E0025C69A /* NewStoryVC.swift */ = {isa = PBXFileReference; lastKnownFileType = sourcecode.swift; path = NewStoryVC.swift; sourceTree = "<group>"; };
		32C1302B22DD754E0025C69A /* Base */ = {isa = PBXFileReference; lastKnownFileType = file.storyboard; name = Base; path = Base.lproj/Main.storyboard; sourceTree = "<group>"; };
		32C1302E22DD754E0025C69A /* Creatory.xcdatamodel */ = {isa = PBXFileReference; lastKnownFileType = wrapper.xcdatamodel; path = Creatory.xcdatamodel; sourceTree = "<group>"; };
		32C1303022DD754E0025C69A /* Assets.xcassets */ = {isa = PBXFileReference; lastKnownFileType = folder.assetcatalog; path = Assets.xcassets; sourceTree = "<group>"; };
		32C1303322DD754E0025C69A /* Base */ = {isa = PBXFileReference; lastKnownFileType = file.storyboard; name = Base; path = Base.lproj/LaunchScreen.storyboard; sourceTree = "<group>"; };
		32C1303522DD754E0025C69A /* Info.plist */ = {isa = PBXFileReference; lastKnownFileType = text.plist.xml; path = Info.plist; sourceTree = "<group>"; };
		3D6085C5D2D7DB028F57B2C8 /* Pods_Creatory.framework */ = {isa = PBXFileReference; explicitFileType = wrapper.framework; includeInIndex = 0; path = Pods_Creatory.framework; sourceTree = BUILT_PRODUCTS_DIR; };
		4E1982DD22DF250E00DF211F /* Button.xcassets */ = {isa = PBXFileReference; lastKnownFileType = folder.assetcatalog; path = Button.xcassets; sourceTree = "<group>"; };
		4E1982DF22DF38BF00DF211F /* button white.xcassets */ = {isa = PBXFileReference; lastKnownFileType = folder.assetcatalog; path = "button white.xcassets"; sourceTree = "<group>"; };
		4E4F5CFC22E01CD90098C6A6 /* ButtonCustom.swift */ = {isa = PBXFileReference; lastKnownFileType = sourcecode.swift; path = ButtonCustom.swift; sourceTree = "<group>"; };
		4E4F5D0022E055700098C6A6 /* StickerView.swift */ = {isa = PBXFileReference; lastKnownFileType = sourcecode.swift; path = StickerView.swift; sourceTree = "<group>"; };
		71A69D6788CB0C021E3B2067 /* Pods-Creatory.release.xcconfig */ = {isa = PBXFileReference; includeInIndex = 1; lastKnownFileType = text.xcconfig; name = "Pods-Creatory.release.xcconfig"; path = "Target Support Files/Pods-Creatory/Pods-Creatory.release.xcconfig"; sourceTree = "<group>"; };
		E931F524B0B057D49C807DD9 /* Pods-Creatory.debug.xcconfig */ = {isa = PBXFileReference; includeInIndex = 1; lastKnownFileType = text.xcconfig; name = "Pods-Creatory.debug.xcconfig"; path = "Target Support Files/Pods-Creatory/Pods-Creatory.debug.xcconfig"; sourceTree = "<group>"; };
/* End PBXFileReference section */

/* Begin PBXFrameworksBuildPhase section */
		32C1302022DD754E0025C69A /* Frameworks */ = {
			isa = PBXFrameworksBuildPhase;
			buildActionMask = 2147483647;
			files = (
				A78E515CA91269A24E9B9D62 /* Pods_Creatory.framework in Frameworks */,
			);
			runOnlyForDeploymentPostprocessing = 0;
		};
/* End PBXFrameworksBuildPhase section */

/* Begin PBXGroup section */
		3217DE2022DEC98B0079E715 /* Preview */ = {
			isa = PBXGroup;
			children = (
				3217DE2122DEC9920079E715 /* View */,
			);
			path = Preview;
			sourceTree = "<group>";
		};
		3217DE2122DEC9920079E715 /* View */ = {
			isa = PBXGroup;
			children = (
				3217DE4D22DEFE390079E715 /* PreviewVC.swift */,
				3217DE4E22DEFE390079E715 /* PreviewVC.xib */,
			);
			path = View;
			sourceTree = "<group>";
		};
		3217DE2222DEC9A60079E715 /* Background */ = {
			isa = PBXGroup;
			children = (
				3217DE5922DF2FD60079E715 /* Model */,
				3217DE2822DEC9EB0079E715 /* View */,
			);
			path = Background;
			sourceTree = "<group>";
		};
		3217DE2322DEC9AC0079E715 /* Selection */ = {
			isa = PBXGroup;
			children = (
				3217DE2922DECA230079E715 /* Once Upon */,
				3217DE2522DEC9BA0079E715 /* Sticker */,
				3217DE2422DEC9B50079E715 /* Role */,
				3217DE2222DEC9A60079E715 /* Background */,
			);
			path = Selection;
			sourceTree = "<group>";
		};
		3217DE2422DEC9B50079E715 /* Role */ = {
			isa = PBXGroup;
			children = (
				3217DE5A22DF2FE20079E715 /* Model */,
				3217DE2722DEC9E70079E715 /* View */,
			);
			path = Role;
			sourceTree = "<group>";
		};
		3217DE2522DEC9BA0079E715 /* Sticker */ = {
			isa = PBXGroup;
			children = (
				3217DE5B22DF30180079E715 /* Model */,
				3217DE2622DEC9C20079E715 /* View */,
			);
			path = Sticker;
			sourceTree = "<group>";
		};
		3217DE2622DEC9C20079E715 /* View */ = {
			isa = PBXGroup;
			children = (
				3217DE5F22E00DF50079E715 /* Cell */,
				3217DE5522DF2F5F0079E715 /* StickerVC.swift */,
				3217DE5622DF2F5F0079E715 /* StickerVC.xib */,
				4E4F5D0022E055700098C6A6 /* StickerView.swift */,
			);
			path = View;
			sourceTree = "<group>";
		};
		3217DE2722DEC9E70079E715 /* View */ = {
			isa = PBXGroup;
			children = (
				3217DE4822DEF0940079E715 /* Cell */,
				3217DE4422DEF0730079E715 /* RoleVC.swift */,
				3217DE4522DEF0730079E715 /* RoleVC.xib */,
			);
			path = View;
			sourceTree = "<group>";
		};
		3217DE2822DEC9EB0079E715 /* View */ = {
			isa = PBXGroup;
			children = (
				3217DE3B22DEDCBB0079E715 /* Cell */,
				3217DE3722DED95C0079E715 /* BackgroundVC.swift */,
				3217DE3822DED95C0079E715 /* BackgroundVC.xib */,
			);
			path = View;
			sourceTree = "<group>";
		};
		3217DE2922DECA230079E715 /* Once Upon */ = {
			isa = PBXGroup;
			children = (
				3217DE2A22DECA2E0079E715 /* View */,
			);
			path = "Once Upon";
			sourceTree = "<group>";
		};
		3217DE2A22DECA2E0079E715 /* View */ = {
			isa = PBXGroup;
			children = (
				3217DE2B22DECA480079E715 /* OnceUponVC.swift */,
				3217DE2C22DECA480079E715 /* OnceUponVC.xib */,
			);
			path = View;
			sourceTree = "<group>";
		};
		3217DE3B22DEDCBB0079E715 /* Cell */ = {
			isa = PBXGroup;
			children = (
				3217DE3C22DEDCCE0079E715 /* BackgroundCell.swift */,
				3217DE3D22DEDCCE0079E715 /* BackgroundCell.xib */,
			);
			path = Cell;
			sourceTree = "<group>";
		};
		3217DE4822DEF0940079E715 /* Cell */ = {
			isa = PBXGroup;
			children = (
				3217DE4922DEF1880079E715 /* RoleCell.swift */,
				3217DE4A22DEF1880079E715 /* RoleCell.xib */,
			);
			path = Cell;
			sourceTree = "<group>";
		};
		3217DE5922DF2FD60079E715 /* Model */ = {
			isa = PBXGroup;
			children = (
				3217DE4022DEDE860079E715 /* Background.swift */,
			);
			path = Model;
			sourceTree = "<group>";
		};
		3217DE5A22DF2FE20079E715 /* Model */ = {
			isa = PBXGroup;
			children = (
				3217DE5122DF2C3A0079E715 /* Role.swift */,
			);
			path = Model;
			sourceTree = "<group>";
		};
		3217DE5B22DF30180079E715 /* Model */ = {
			isa = PBXGroup;
			children = (
				3217DE5C22DF301F0079E715 /* Sticker.swift */,
				3217DE5E22DF36180079E715 /* Testing.playground */,
			);
			path = Model;
			sourceTree = "<group>";
		};
		3217DE5F22E00DF50079E715 /* Cell */ = {
			isa = PBXGroup;
			children = (
				3217DE6022E00E040079E715 /* StickerCell.swift */,
				3217DE6122E00E040079E715 /* StickerCell.xib */,
			);
			path = Cell;
			sourceTree = "<group>";
		};
		3227F26722DD773300BCC591 /* Extension */ = {
			isa = PBXGroup;
			children = (
				3227F26822DD773D00BCC591 /* UIView+Extension.swift */,
				3227F28022DD8B6600BCC591 /* UIImageView+Extension.swift */,
				3217DE4222DEE0B10079E715 /* UIViewController+Extension.swift */,
			);
			path = Extension;
			sourceTree = "<group>";
		};
		3227F26A22DD77B400BCC591 /* Library */ = {
			isa = PBXGroup;
			children = (
				3227F26B22DD77BC00BCC591 /* View */,
			);
			path = Library;
			sourceTree = "<group>";
		};
		3227F26B22DD77BC00BCC591 /* View */ = {
			isa = PBXGroup;
			children = (
				3227F27B22DD899D00BCC591 /* Cell */,
				3227F26C22DD77CF00BCC591 /* LibraryVC.swift */,
				3227F26D22DD77CF00BCC591 /* LibraryVC.xib */,
			);
			path = View;
			sourceTree = "<group>";
		};
		3227F27222DD7D2E00BCC591 /* New Story */ = {
			isa = PBXGroup;
			children = (
				3217DE2322DEC9AC0079E715 /* Selection */,
				32C1302822DD754E0025C69A /* NewStoryVC.swift */,
				4E4F5CFC22E01CD90098C6A6 /* ButtonCustom.swift */,
				32C1302A22DD754E0025C69A /* Main.storyboard */,
			);
			path = "New Story";
			sourceTree = "<group>";
		};
		3227F27322DD7D4000BCC591 /* Base */ = {
			isa = PBXGroup;
			children = (
				3227F27022DD7C8C00BCC591 /* BaseVC.swift */,
				3227F27922DD7E9200BCC591 /* CreatoryNC.swift */,
				3217DE1D22DEC75B0079E715 /* RadiusType.swift */,
			);
			path = Base;
			sourceTree = "<group>";
		};
		3227F27622DD7DE000BCC591 /* Preference */ = {
			isa = PBXGroup;
			children = (
				3227F27422DD7DDC00BCC591 /* Preference.swift */,
				3227F27722DD7DEE00BCC591 /* PreferenceKey.swift */,
			);
			path = Preference;
			sourceTree = "<group>";
		};
		3227F27B22DD899D00BCC591 /* Cell */ = {
			isa = PBXGroup;
			children = (
				3227F27C22DD89AF00BCC591 /* LibraryCell.swift */,
				3227F27D22DD89AF00BCC591 /* LibraryCell.xib */,
			);
			path = Cell;
			sourceTree = "<group>";
		};
		32C1301A22DD754E0025C69A = {
			isa = PBXGroup;
			children = (
				4E1982DF22DF38BF00DF211F /* button white.xcassets */,
				3217DE3522DED0EF0079E715 /* Character.xcassets */,
				4E1982DD22DF250E00DF211F /* Button.xcassets */,
				32C1302522DD754E0025C69A /* Creatory */,
				32C1302422DD754E0025C69A /* Products */,
				E48D1DCDE05C103E2609844C /* Pods */,
				CD87C382EF391FABCD0E4AA5 /* Frameworks */,
			);
			sourceTree = "<group>";
		};
		32C1302422DD754E0025C69A /* Products */ = {
			isa = PBXGroup;
			children = (
				32C1302322DD754E0025C69A /* Creatory.app */,
			);
			name = Products;
			sourceTree = "<group>";
		};
		32C1302522DD754E0025C69A /* Creatory */ = {
			isa = PBXGroup;
			children = (
				3217DE2022DEC98B0079E715 /* Preview */,
				3227F27622DD7DE000BCC591 /* Preference */,
				3227F27322DD7D4000BCC591 /* Base */,
				3227F27222DD7D2E00BCC591 /* New Story */,
				3227F26A22DD77B400BCC591 /* Library */,
				3227F26722DD773300BCC591 /* Extension */,
				32C1302622DD754E0025C69A /* AppDelegate.swift */,
				32C1303022DD754E0025C69A /* Assets.xcassets */,
				3217DE2F22DECF420079E715 /* Background.xcassets */,
				3217DE3322DED0690079E715 /* Badge.xcassets */,
				3217DE5322DF2D890079E715 /* Character.xcassets */,
				3217DE3122DED03E0079E715 /* Sticker.xcassets */,
				32C1303222DD754E0025C69A /* LaunchScreen.storyboard */,
				32C1303522DD754E0025C69A /* Info.plist */,
				32C1302D22DD754E0025C69A /* Creatory.xcdatamodeld */,
			);
			path = Creatory;
			sourceTree = "<group>";
		};
		CD87C382EF391FABCD0E4AA5 /* Frameworks */ = {
			isa = PBXGroup;
			children = (
				3D6085C5D2D7DB028F57B2C8 /* Pods_Creatory.framework */,
			);
			name = Frameworks;
			sourceTree = "<group>";
		};
		E48D1DCDE05C103E2609844C /* Pods */ = {
			isa = PBXGroup;
			children = (
				E931F524B0B057D49C807DD9 /* Pods-Creatory.debug.xcconfig */,
				71A69D6788CB0C021E3B2067 /* Pods-Creatory.release.xcconfig */,
			);
			path = Pods;
			sourceTree = "<group>";
		};
/* End PBXGroup section */

/* Begin PBXNativeTarget section */
		32C1302222DD754E0025C69A /* Creatory */ = {
			isa = PBXNativeTarget;
			buildConfigurationList = 32C1303822DD754E0025C69A /* Build configuration list for PBXNativeTarget "Creatory" */;
			buildPhases = (
				3FE2877E6D41D38D8CED8EB1 /* [CP] Check Pods Manifest.lock */,
				32C1301F22DD754E0025C69A /* Sources */,
				32C1302022DD754E0025C69A /* Frameworks */,
				32C1302122DD754E0025C69A /* Resources */,
				AE45BC99E4CCFEA3CEFD7059 /* [CP] Embed Pods Frameworks */,
			);
			buildRules = (
			);
			dependencies = (
			);
			name = Creatory;
			productName = Creatory;
			productReference = 32C1302322DD754E0025C69A /* Creatory.app */;
			productType = "com.apple.product-type.application";
		};
/* End PBXNativeTarget section */

/* Begin PBXProject section */
		32C1301B22DD754E0025C69A /* Project object */ = {
			isa = PBXProject;
			attributes = {
				LastSwiftUpdateCheck = 1020;
				LastUpgradeCheck = 1020;
				ORGANIZATIONNAME = "Azmi Muhammad";
				TargetAttributes = {
					32C1302222DD754E0025C69A = {
						CreatedOnToolsVersion = 10.2.1;
					};
				};
			};
			buildConfigurationList = 32C1301E22DD754E0025C69A /* Build configuration list for PBXProject "Creatory" */;
			compatibilityVersion = "Xcode 9.3";
			developmentRegion = en;
			hasScannedForEncodings = 0;
			knownRegions = (
				en,
				Base,
			);
			mainGroup = 32C1301A22DD754E0025C69A;
			productRefGroup = 32C1302422DD754E0025C69A /* Products */;
			projectDirPath = "";
			projectRoot = "";
			targets = (
				32C1302222DD754E0025C69A /* Creatory */,
			);
		};
/* End PBXProject section */

/* Begin PBXResourcesBuildPhase section */
		32C1302122DD754E0025C69A /* Resources */ = {
			isa = PBXResourcesBuildPhase;
			buildActionMask = 2147483647;
			files = (
				3227F26F22DD77CF00BCC591 /* LibraryVC.xib in Resources */,
				3217DE6322E00E040079E715 /* StickerCell.xib in Resources */,
				3217DE3422DED0690079E715 /* Badge.xcassets in Resources */,
				3217DE3222DED03E0079E715 /* Sticker.xcassets in Resources */,
				3217DE3F22DEDCCE0079E715 /* BackgroundCell.xib in Resources */,
				3217DE3622DED0EF0079E715 /* Character.xcassets in Resources */,
				4E1982E022DF38BF00DF211F /* button white.xcassets in Resources */,
				32C1303422DD754E0025C69A /* LaunchScreen.storyboard in Resources */,
				3217DE4722DEF0730079E715 /* RoleVC.xib in Resources */,
				4E1982DE22DF250E00DF211F /* Button.xcassets in Resources */,
				32C1303122DD754E0025C69A /* Assets.xcassets in Resources */,
				3217DE2E22DECA480079E715 /* OnceUponVC.xib in Resources */,
				3217DE3A22DED95C0079E715 /* BackgroundVC.xib in Resources */,
				3217DE5022DEFE390079E715 /* PreviewVC.xib in Resources */,
				3217DE5422DF2D890079E715 /* Character.xcassets in Resources */,
				3227F27F22DD89AF00BCC591 /* LibraryCell.xib in Resources */,
				3217DE5822DF2F5F0079E715 /* StickerVC.xib in Resources */,
				3217DE3022DECF420079E715 /* Background.xcassets in Resources */,
				32C1302C22DD754E0025C69A /* Main.storyboard in Resources */,
				3217DE4C22DEF1880079E715 /* RoleCell.xib in Resources */,
			);
			runOnlyForDeploymentPostprocessing = 0;
		};
/* End PBXResourcesBuildPhase section */

/* Begin PBXShellScriptBuildPhase section */
		3FE2877E6D41D38D8CED8EB1 /* [CP] Check Pods Manifest.lock */ = {
			isa = PBXShellScriptBuildPhase;
			buildActionMask = 2147483647;
			files = (
			);
			inputFileListPaths = (
			);
			inputPaths = (
				"${PODS_PODFILE_DIR_PATH}/Podfile.lock",
				"${PODS_ROOT}/Manifest.lock",
			);
			name = "[CP] Check Pods Manifest.lock";
			outputFileListPaths = (
			);
			outputPaths = (
				"$(DERIVED_FILE_DIR)/Pods-Creatory-checkManifestLockResult.txt",
			);
			runOnlyForDeploymentPostprocessing = 0;
			shellPath = /bin/sh;
			shellScript = "diff \"${PODS_PODFILE_DIR_PATH}/Podfile.lock\" \"${PODS_ROOT}/Manifest.lock\" > /dev/null\nif [ $? != 0 ] ; then\n    # print error to STDERR\n    echo \"error: The sandbox is not in sync with the Podfile.lock. Run 'pod install' or update your CocoaPods installation.\" >&2\n    exit 1\nfi\n# This output is used by Xcode 'outputs' to avoid re-running this script phase.\necho \"SUCCESS\" > \"${SCRIPT_OUTPUT_FILE_0}\"\n";
			showEnvVarsInLog = 0;
		};
		AE45BC99E4CCFEA3CEFD7059 /* [CP] Embed Pods Frameworks */ = {
			isa = PBXShellScriptBuildPhase;
			buildActionMask = 2147483647;
			files = (
			);
			inputFileListPaths = (
				"${PODS_ROOT}/Target Support Files/Pods-Creatory/Pods-Creatory-frameworks-${CONFIGURATION}-input-files.xcfilelist",
			);
			name = "[CP] Embed Pods Frameworks";
			outputFileListPaths = (
				"${PODS_ROOT}/Target Support Files/Pods-Creatory/Pods-Creatory-frameworks-${CONFIGURATION}-output-files.xcfilelist",
			);
			runOnlyForDeploymentPostprocessing = 0;
			shellPath = /bin/sh;
			shellScript = "\"${PODS_ROOT}/Target Support Files/Pods-Creatory/Pods-Creatory-frameworks.sh\"\n";
			showEnvVarsInLog = 0;
		};
/* End PBXShellScriptBuildPhase section */

/* Begin PBXSourcesBuildPhase section */
		32C1301F22DD754E0025C69A /* Sources */ = {
			isa = PBXSourcesBuildPhase;
			buildActionMask = 2147483647;
			files = (
				3217DE4622DEF0730079E715 /* RoleVC.swift in Sources */,
				3217DE6222E00E040079E715 /* StickerCell.swift in Sources */,
				3227F27522DD7DDC00BCC591 /* Preference.swift in Sources */,
				3217DE2D22DECA480079E715 /* OnceUponVC.swift in Sources */,
				32C1302922DD754E0025C69A /* NewStoryVC.swift in Sources */,
				3227F27122DD7C8C00BCC591 /* BaseVC.swift in Sources */,
				3217DE4322DEE0B10079E715 /* UIViewController+Extension.swift in Sources */,
				32C1302F22DD754E0025C69A /* Creatory.xcdatamodeld in Sources */,
				3227F26922DD773D00BCC591 /* UIView+Extension.swift in Sources */,
				3217DE5222DF2C3A0079E715 /* Role.swift in Sources */,
				3217DE1E22DEC75B0079E715 /* RadiusType.swift in Sources */,
				3217DE3E22DEDCCE0079E715 /* BackgroundCell.swift in Sources */,
				3227F27E22DD89AF00BCC591 /* LibraryCell.swift in Sources */,
				32C1302722DD754E0025C69A /* AppDelegate.swift in Sources */,
				3227F28122DD8B6600BCC591 /* UIImageView+Extension.swift in Sources */,
				3217DE4B22DEF1880079E715 /* RoleCell.swift in Sources */,
				3217DE4122DEDE860079E715 /* Background.swift in Sources */,
				3217DE3922DED95C0079E715 /* BackgroundVC.swift in Sources */,
				3217DE5D22DF301F0079E715 /* Sticker.swift in Sources */,
				3227F27822DD7DEE00BCC591 /* PreferenceKey.swift in Sources */,
				4E4F5D0122E055700098C6A6 /* StickerView.swift in Sources */,
				3217DE4F22DEFE390079E715 /* PreviewVC.swift in Sources */,
				3227F27A22DD7E9200BCC591 /* CreatoryNC.swift in Sources */,
				4E4F5CFD22E01CD90098C6A6 /* ButtonCustom.swift in Sources */,
				3217DE5722DF2F5F0079E715 /* StickerVC.swift in Sources */,
				3227F26E22DD77CF00BCC591 /* LibraryVC.swift in Sources */,
			);
			runOnlyForDeploymentPostprocessing = 0;
		};
/* End PBXSourcesBuildPhase section */

/* Begin PBXVariantGroup section */
		32C1302A22DD754E0025C69A /* Main.storyboard */ = {
			isa = PBXVariantGroup;
			children = (
				32C1302B22DD754E0025C69A /* Base */,
			);
			name = Main.storyboard;
			sourceTree = "<group>";
		};
		32C1303222DD754E0025C69A /* LaunchScreen.storyboard */ = {
			isa = PBXVariantGroup;
			children = (
				32C1303322DD754E0025C69A /* Base */,
			);
			name = LaunchScreen.storyboard;
			sourceTree = "<group>";
		};
/* End PBXVariantGroup section */

/* Begin XCBuildConfiguration section */
		32C1303622DD754E0025C69A /* Debug */ = {
			isa = XCBuildConfiguration;
			buildSettings = {
				ALWAYS_SEARCH_USER_PATHS = NO;
				CLANG_ANALYZER_NONNULL = YES;
				CLANG_ANALYZER_NUMBER_OBJECT_CONVERSION = YES_AGGRESSIVE;
				CLANG_CXX_LANGUAGE_STANDARD = "gnu++14";
				CLANG_CXX_LIBRARY = "libc++";
				CLANG_ENABLE_MODULES = YES;
				CLANG_ENABLE_OBJC_ARC = YES;
				CLANG_ENABLE_OBJC_WEAK = YES;
				CLANG_WARN_BLOCK_CAPTURE_AUTORELEASING = YES;
				CLANG_WARN_BOOL_CONVERSION = YES;
				CLANG_WARN_COMMA = YES;
				CLANG_WARN_CONSTANT_CONVERSION = YES;
				CLANG_WARN_DEPRECATED_OBJC_IMPLEMENTATIONS = YES;
				CLANG_WARN_DIRECT_OBJC_ISA_USAGE = YES_ERROR;
				CLANG_WARN_DOCUMENTATION_COMMENTS = YES;
				CLANG_WARN_EMPTY_BODY = YES;
				CLANG_WARN_ENUM_CONVERSION = YES;
				CLANG_WARN_INFINITE_RECURSION = YES;
				CLANG_WARN_INT_CONVERSION = YES;
				CLANG_WARN_NON_LITERAL_NULL_CONVERSION = YES;
				CLANG_WARN_OBJC_IMPLICIT_RETAIN_SELF = YES;
				CLANG_WARN_OBJC_LITERAL_CONVERSION = YES;
				CLANG_WARN_OBJC_ROOT_CLASS = YES_ERROR;
				CLANG_WARN_RANGE_LOOP_ANALYSIS = YES;
				CLANG_WARN_STRICT_PROTOTYPES = YES;
				CLANG_WARN_SUSPICIOUS_MOVE = YES;
				CLANG_WARN_UNGUARDED_AVAILABILITY = YES_AGGRESSIVE;
				CLANG_WARN_UNREACHABLE_CODE = YES;
				CLANG_WARN__DUPLICATE_METHOD_MATCH = YES;
				CODE_SIGN_IDENTITY = "iPhone Developer";
				COPY_PHASE_STRIP = NO;
				DEBUG_INFORMATION_FORMAT = dwarf;
				ENABLE_STRICT_OBJC_MSGSEND = YES;
				ENABLE_TESTABILITY = YES;
				GCC_C_LANGUAGE_STANDARD = gnu11;
				GCC_DYNAMIC_NO_PIC = NO;
				GCC_NO_COMMON_BLOCKS = YES;
				GCC_OPTIMIZATION_LEVEL = 0;
				GCC_PREPROCESSOR_DEFINITIONS = (
					"DEBUG=1",
					"$(inherited)",
				);
				GCC_WARN_64_TO_32_BIT_CONVERSION = YES;
				GCC_WARN_ABOUT_RETURN_TYPE = YES_ERROR;
				GCC_WARN_UNDECLARED_SELECTOR = YES;
				GCC_WARN_UNINITIALIZED_AUTOS = YES_AGGRESSIVE;
				GCC_WARN_UNUSED_FUNCTION = YES;
				GCC_WARN_UNUSED_VARIABLE = YES;
				IPHONEOS_DEPLOYMENT_TARGET = 12.2;
				MTL_ENABLE_DEBUG_INFO = INCLUDE_SOURCE;
				MTL_FAST_MATH = YES;
				ONLY_ACTIVE_ARCH = YES;
				SDKROOT = iphoneos;
				SWIFT_ACTIVE_COMPILATION_CONDITIONS = DEBUG;
				SWIFT_OPTIMIZATION_LEVEL = "-Onone";
			};
			name = Debug;
		};
		32C1303722DD754E0025C69A /* Release */ = {
			isa = XCBuildConfiguration;
			buildSettings = {
				ALWAYS_SEARCH_USER_PATHS = NO;
				CLANG_ANALYZER_NONNULL = YES;
				CLANG_ANALYZER_NUMBER_OBJECT_CONVERSION = YES_AGGRESSIVE;
				CLANG_CXX_LANGUAGE_STANDARD = "gnu++14";
				CLANG_CXX_LIBRARY = "libc++";
				CLANG_ENABLE_MODULES = YES;
				CLANG_ENABLE_OBJC_ARC = YES;
				CLANG_ENABLE_OBJC_WEAK = YES;
				CLANG_WARN_BLOCK_CAPTURE_AUTORELEASING = YES;
				CLANG_WARN_BOOL_CONVERSION = YES;
				CLANG_WARN_COMMA = YES;
				CLANG_WARN_CONSTANT_CONVERSION = YES;
				CLANG_WARN_DEPRECATED_OBJC_IMPLEMENTATIONS = YES;
				CLANG_WARN_DIRECT_OBJC_ISA_USAGE = YES_ERROR;
				CLANG_WARN_DOCUMENTATION_COMMENTS = YES;
				CLANG_WARN_EMPTY_BODY = YES;
				CLANG_WARN_ENUM_CONVERSION = YES;
				CLANG_WARN_INFINITE_RECURSION = YES;
				CLANG_WARN_INT_CONVERSION = YES;
				CLANG_WARN_NON_LITERAL_NULL_CONVERSION = YES;
				CLANG_WARN_OBJC_IMPLICIT_RETAIN_SELF = YES;
				CLANG_WARN_OBJC_LITERAL_CONVERSION = YES;
				CLANG_WARN_OBJC_ROOT_CLASS = YES_ERROR;
				CLANG_WARN_RANGE_LOOP_ANALYSIS = YES;
				CLANG_WARN_STRICT_PROTOTYPES = YES;
				CLANG_WARN_SUSPICIOUS_MOVE = YES;
				CLANG_WARN_UNGUARDED_AVAILABILITY = YES_AGGRESSIVE;
				CLANG_WARN_UNREACHABLE_CODE = YES;
				CLANG_WARN__DUPLICATE_METHOD_MATCH = YES;
				CODE_SIGN_IDENTITY = "iPhone Developer";
				COPY_PHASE_STRIP = NO;
				DEBUG_INFORMATION_FORMAT = "dwarf-with-dsym";
				ENABLE_NS_ASSERTIONS = NO;
				ENABLE_STRICT_OBJC_MSGSEND = YES;
				GCC_C_LANGUAGE_STANDARD = gnu11;
				GCC_NO_COMMON_BLOCKS = YES;
				GCC_WARN_64_TO_32_BIT_CONVERSION = YES;
				GCC_WARN_ABOUT_RETURN_TYPE = YES_ERROR;
				GCC_WARN_UNDECLARED_SELECTOR = YES;
				GCC_WARN_UNINITIALIZED_AUTOS = YES_AGGRESSIVE;
				GCC_WARN_UNUSED_FUNCTION = YES;
				GCC_WARN_UNUSED_VARIABLE = YES;
				IPHONEOS_DEPLOYMENT_TARGET = 12.2;
				MTL_ENABLE_DEBUG_INFO = NO;
				MTL_FAST_MATH = YES;
				SDKROOT = iphoneos;
				SWIFT_COMPILATION_MODE = wholemodule;
				SWIFT_OPTIMIZATION_LEVEL = "-O";
				VALIDATE_PRODUCT = YES;
			};
			name = Release;
		};
		32C1303922DD754E0025C69A /* Debug */ = {
			isa = XCBuildConfiguration;
			baseConfigurationReference = E931F524B0B057D49C807DD9 /* Pods-Creatory.debug.xcconfig */;
			buildSettings = {
				ASSETCATALOG_COMPILER_APPICON_NAME = AppIcon;
				CODE_SIGN_STYLE = Automatic;
				DEVELOPMENT_TEAM = JSB449F8V6;
				INFOPLIST_FILE = Creatory/Info.plist;
				LD_RUNPATH_SEARCH_PATHS = (
					"$(inherited)",
					"@executable_path/Frameworks",
				);
				PRODUCT_BUNDLE_IDENTIFIER = id.co.azmimuhammad.Creatory;
				PRODUCT_NAME = "$(TARGET_NAME)";
				SWIFT_VERSION = 5.0;
				TARGETED_DEVICE_FAMILY = "1,2";
			};
			name = Debug;
		};
		32C1303A22DD754E0025C69A /* Release */ = {
			isa = XCBuildConfiguration;
			baseConfigurationReference = 71A69D6788CB0C021E3B2067 /* Pods-Creatory.release.xcconfig */;
			buildSettings = {
				ASSETCATALOG_COMPILER_APPICON_NAME = AppIcon;
				CODE_SIGN_STYLE = Automatic;
				DEVELOPMENT_TEAM = JSB449F8V6;
				INFOPLIST_FILE = Creatory/Info.plist;
				LD_RUNPATH_SEARCH_PATHS = (
					"$(inherited)",
					"@executable_path/Frameworks",
				);
				PRODUCT_BUNDLE_IDENTIFIER = id.co.azmimuhammad.Creatory;
				PRODUCT_NAME = "$(TARGET_NAME)";
				SWIFT_VERSION = 5.0;
				TARGETED_DEVICE_FAMILY = "1,2";
			};
			name = Release;
		};
/* End XCBuildConfiguration section */

/* Begin XCConfigurationList section */
		32C1301E22DD754E0025C69A /* Build configuration list for PBXProject "Creatory" */ = {
			isa = XCConfigurationList;
			buildConfigurations = (
				32C1303622DD754E0025C69A /* Debug */,
				32C1303722DD754E0025C69A /* Release */,
			);
			defaultConfigurationIsVisible = 0;
			defaultConfigurationName = Release;
		};
		32C1303822DD754E0025C69A /* Build configuration list for PBXNativeTarget "Creatory" */ = {
			isa = XCConfigurationList;
			buildConfigurations = (
				32C1303922DD754E0025C69A /* Debug */,
				32C1303A22DD754E0025C69A /* Release */,
			);
			defaultConfigurationIsVisible = 0;
			defaultConfigurationName = Release;
		};
/* End XCConfigurationList section */

/* Begin XCVersionGroup section */
		32C1302D22DD754E0025C69A /* Creatory.xcdatamodeld */ = {
			isa = XCVersionGroup;
			children = (
				32C1302E22DD754E0025C69A /* Creatory.xcdatamodel */,
			);
			currentVersion = 32C1302E22DD754E0025C69A /* Creatory.xcdatamodel */;
			path = Creatory.xcdatamodeld;
			sourceTree = "<group>";
			versionGroupType = wrapper.xcdatamodel;
		};
/* End XCVersionGroup section */
	};
	rootObject = 32C1301B22DD754E0025C69A /* Project object */;
}
